// !$*UTF8*$!
{
	archiveVersion = 1;
	classes = {
	};
	objectVersion = 55;
	objects = {

/* Begin PBXBuildFile section */
		F5691F21292F4882004199AA /* DispatchGroup.swift in Sources */ = {isa = PBXBuildFile; fileRef = F5691F20292F4882004199AA /* DispatchGroup.swift */; };
		F5691F23292F4F1E004199AA /* DispatchWorkItems.swift in Sources */ = {isa = PBXBuildFile; fileRef = F5691F22292F4F1E004199AA /* DispatchWorkItems.swift */; };
		F5691F25292F5251004199AA /* DispatchFlags.swift in Sources */ = {isa = PBXBuildFile; fileRef = F5691F24292F5251004199AA /* DispatchFlags.swift */; };
		F5691F27292F62FF004199AA /* DispatchSources.swift in Sources */ = {isa = PBXBuildFile; fileRef = F5691F26292F62FF004199AA /* DispatchSources.swift */; };
		F5691F29292F638E004199AA /* Operations.swift in Sources */ = {isa = PBXBuildFile; fileRef = F5691F28292F638E004199AA /* Operations.swift */; };
		F5691F2B292F7F59004199AA /* InterviewQuestions.swift in Sources */ = {isa = PBXBuildFile; fileRef = F5691F2A292F7F59004199AA /* InterviewQuestions.swift */; };
		F5F571B2292E0B7400B4A9CC /* AppDelegate.swift in Sources */ = {isa = PBXBuildFile; fileRef = F5F571B1292E0B7400B4A9CC /* AppDelegate.swift */; };
		F5F571B4292E0B7400B4A9CC /* SceneDelegate.swift in Sources */ = {isa = PBXBuildFile; fileRef = F5F571B3292E0B7400B4A9CC /* SceneDelegate.swift */; };
		F5F571B6292E0B7400B4A9CC /* ViewController.swift in Sources */ = {isa = PBXBuildFile; fileRef = F5F571B5292E0B7400B4A9CC /* ViewController.swift */; };
		F5F571B9292E0B7400B4A9CC /* Main.storyboard in Resources */ = {isa = PBXBuildFile; fileRef = F5F571B7292E0B7400B4A9CC /* Main.storyboard */; };
		F5F571BB292E0B7600B4A9CC /* Assets.xcassets in Resources */ = {isa = PBXBuildFile; fileRef = F5F571BA292E0B7600B4A9CC /* Assets.xcassets */; };
		F5F571BE292E0B7600B4A9CC /* LaunchScreen.storyboard in Resources */ = {isa = PBXBuildFile; fileRef = F5F571BC292E0B7600B4A9CC /* LaunchScreen.storyboard */; };
		F5F571C7292E0BBC00B4A9CC /* CustomThread.swift in Sources */ = {isa = PBXBuildFile; fileRef = F5F571C6292E0BBC00B4A9CC /* CustomThread.swift */; };
		F5F571C9292E0E5F00B4A9CC /* GCD.swift in Sources */ = {isa = PBXBuildFile; fileRef = F5F571C8292E0E5F00B4A9CC /* GCD.swift */; };
/* End PBXBuildFile section */

/* Begin PBXFileReference section */
		F5691F20292F4882004199AA /* DispatchGroup.swift */ = {isa = PBXFileReference; lastKnownFileType = sourcecode.swift; path = DispatchGroup.swift; sourceTree = "<group>"; };
		F5691F22292F4F1E004199AA /* DispatchWorkItems.swift */ = {isa = PBXFileReference; lastKnownFileType = sourcecode.swift; path = DispatchWorkItems.swift; sourceTree = "<group>"; };
		F5691F24292F5251004199AA /* DispatchFlags.swift */ = {isa = PBXFileReference; lastKnownFileType = sourcecode.swift; path = DispatchFlags.swift; sourceTree = "<group>"; };
		F5691F26292F62FF004199AA /* DispatchSources.swift */ = {isa = PBXFileReference; lastKnownFileType = sourcecode.swift; path = DispatchSources.swift; sourceTree = "<group>"; };
		F5691F28292F638E004199AA /* Operations.swift */ = {isa = PBXFileReference; lastKnownFileType = sourcecode.swift; path = Operations.swift; sourceTree = "<group>"; };
		F5691F2A292F7F59004199AA /* InterviewQuestions.swift */ = {isa = PBXFileReference; lastKnownFileType = sourcecode.swift; path = InterviewQuestions.swift; sourceTree = "<group>"; };
		F5F571AE292E0B7400B4A9CC /* Concurrency.app */ = {isa = PBXFileReference; explicitFileType = wrapper.application; includeInIndex = 0; path = Concurrency.app; sourceTree = BUILT_PRODUCTS_DIR; };
		F5F571B1292E0B7400B4A9CC /* AppDelegate.swift */ = {isa = PBXFileReference; lastKnownFileType = sourcecode.swift; path = AppDelegate.swift; sourceTree = "<group>"; };
		F5F571B3292E0B7400B4A9CC /* SceneDelegate.swift */ = {isa = PBXFileReference; lastKnownFileType = sourcecode.swift; path = SceneDelegate.swift; sourceTree = "<group>"; };
		F5F571B5292E0B7400B4A9CC /* ViewController.swift */ = {isa = PBXFileReference; lastKnownFileType = sourcecode.swift; path = ViewController.swift; sourceTree = "<group>"; };
		F5F571B8292E0B7400B4A9CC /* Base */ = {isa = PBXFileReference; lastKnownFileType = file.storyboard; name = Base; path = Base.lproj/Main.storyboard; sourceTree = "<group>"; };
		F5F571BA292E0B7600B4A9CC /* Assets.xcassets */ = {isa = PBXFileReference; lastKnownFileType = folder.assetcatalog; path = Assets.xcassets; sourceTree = "<group>"; };
		F5F571BD292E0B7600B4A9CC /* Base */ = {isa = PBXFileReference; lastKnownFileType = file.storyboard; name = Base; path = Base.lproj/LaunchScreen.storyboard; sourceTree = "<group>"; };
		F5F571BF292E0B7600B4A9CC /* Info.plist */ = {isa = PBXFileReference; lastKnownFileType = text.plist.xml; path = Info.plist; sourceTree = "<group>"; };
		F5F571C6292E0BBC00B4A9CC /* CustomThread.swift */ = {isa = PBXFileReference; lastKnownFileType = sourcecode.swift; path = CustomThread.swift; sourceTree = "<group>"; };
		F5F571C8292E0E5F00B4A9CC /* GCD.swift */ = {isa = PBXFileReference; lastKnownFileType = sourcecode.swift; path = GCD.swift; sourceTree = "<group>"; };
/* End PBXFileReference section */

/* Begin PBXFrameworksBuildPhase section */
		F5F571AB292E0B7400B4A9CC /* Frameworks */ = {
			isa = PBXFrameworksBuildPhase;
			buildActionMask = 2147483647;
			files = (
			);
			runOnlyForDeploymentPostprocessing = 0;
		};
/* End PBXFrameworksBuildPhase section */

/* Begin PBXGroup section */
		F5F571A5292E0B7400B4A9CC = {
			isa = PBXGroup;
			children = (
				F5F571B0292E0B7400B4A9CC /* Concurrency */,
				F5F571AF292E0B7400B4A9CC /* Products */,
			);
			sourceTree = "<group>";
		};
		F5F571AF292E0B7400B4A9CC /* Products */ = {
			isa = PBXGroup;
			children = (
				F5F571AE292E0B7400B4A9CC /* Concurrency.app */,
			);
			name = Products;
			sourceTree = "<group>";
		};
		F5F571B0292E0B7400B4A9CC /* Concurrency */ = {
			isa = PBXGroup;
			children = (
				F5F571B1292E0B7400B4A9CC /* AppDelegate.swift */,
				F5F571B3292E0B7400B4A9CC /* SceneDelegate.swift */,
				F5F571B5292E0B7400B4A9CC /* ViewController.swift */,
				F5F571C5292E0BAD00B4A9CC /* Threads */,
				F5F571B7292E0B7400B4A9CC /* Main.storyboard */,
				F5F571BA292E0B7600B4A9CC /* Assets.xcassets */,
				F5F571BC292E0B7600B4A9CC /* LaunchScreen.storyboard */,
				F5F571BF292E0B7600B4A9CC /* Info.plist */,
			);
			path = Concurrency;
			sourceTree = "<group>";
		};
		F5F571C5292E0BAD00B4A9CC /* Threads */ = {
			isa = PBXGroup;
			children = (
				F5F571C6292E0BBC00B4A9CC /* CustomThread.swift */,
				F5F571C8292E0E5F00B4A9CC /* GCD.swift */,
				F5691F20292F4882004199AA /* DispatchGroup.swift */,
				F5691F22292F4F1E004199AA /* DispatchWorkItems.swift */,
				F5691F24292F5251004199AA /* DispatchFlags.swift */,
				F5691F26292F62FF004199AA /* DispatchSources.swift */,
				F5691F28292F638E004199AA /* Operations.swift */,
				F5691F2A292F7F59004199AA /* InterviewQuestions.swift */,
			);
			path = Threads;
			sourceTree = "<group>";
		};
/* End PBXGroup section */

/* Begin PBXNativeTarget section */
		F5F571AD292E0B7400B4A9CC /* Concurrency */ = {
			isa = PBXNativeTarget;
			buildConfigurationList = F5F571C2292E0B7600B4A9CC /* Build configuration list for PBXNativeTarget "Concurrency" */;
			buildPhases = (
				F5F571AA292E0B7400B4A9CC /* Sources */,
				F5F571AB292E0B7400B4A9CC /* Frameworks */,
				F5F571AC292E0B7400B4A9CC /* Resources */,
			);
			buildRules = (
			);
			dependencies = (
			);
			name = Concurrency;
			productName = Concurrency;
			productReference = F5F571AE292E0B7400B4A9CC /* Concurrency.app */;
			productType = "com.apple.product-type.application";
		};
/* End PBXNativeTarget section */

/* Begin PBXProject section */
		F5F571A6292E0B7400B4A9CC /* Project object */ = {
			isa = PBXProject;
			attributes = {
				BuildIndependentTargetsInParallel = 1;
				LastSwiftUpdateCheck = 1330;
				LastUpgradeCheck = 1330;
				TargetAttributes = {
					F5F571AD292E0B7400B4A9CC = {
						CreatedOnToolsVersion = 13.3;
					};
				};
			};
			buildConfigurationList = F5F571A9292E0B7400B4A9CC /* Build configuration list for PBXProject "Concurrency" */;
			compatibilityVersion = "Xcode 13.0";
			developmentRegion = en;
			hasScannedForEncodings = 0;
			knownRegions = (
				en,
				Base,
			);
			mainGroup = F5F571A5292E0B7400B4A9CC;
			productRefGroup = F5F571AF292E0B7400B4A9CC /* Products */;
			projectDirPath = "";
			projectRoot = "";
			targets = (
				F5F571AD292E0B7400B4A9CC /* Concurrency */,
			);
		};
/* End PBXProject section */

/* Begin PBXResourcesBuildPhase section */
		F5F571AC292E0B7400B4A9CC /* Resources */ = {
			isa = PBXResourcesBuildPhase;
			buildActionMask = 2147483647;
			files = (
				F5F571BE292E0B7600B4A9CC /* LaunchScreen.storyboard in Resources */,
				F5F571BB292E0B7600B4A9CC /* Assets.xcassets in Resources */,
				F5F571B9292E0B7400B4A9CC /* Main.storyboard in Resources */,
			);
			runOnlyForDeploymentPostprocessing = 0;
		};
/* End PBXResourcesBuildPhase section */

/* Begin PBXSourcesBuildPhase section */
		F5F571AA292E0B7400B4A9CC /* Sources */ = {
			isa = PBXSourcesBuildPhase;
			buildActionMask = 2147483647;
			files = (
				F5691F23292F4F1E004199AA /* DispatchWorkItems.swift in Sources */,
				F5F571C9292E0E5F00B4A9CC /* GCD.swift in Sources */,
				F5691F27292F62FF004199AA /* DispatchSources.swift in Sources */,
				F5F571C7292E0BBC00B4A9CC /* CustomThread.swift in Sources */,
				F5691F25292F5251004199AA /* DispatchFlags.swift in Sources */,
				F5691F2B292F7F59004199AA /* InterviewQuestions.swift in Sources */,
				F5F571B6292E0B7400B4A9CC /* ViewController.swift in Sources */,
				F5F571B2292E0B7400B4A9CC /* AppDelegate.swift in Sources */,
				F5F571B4292E0B7400B4A9CC /* SceneDelegate.swift in Sources */,
				F5691F21292F4882004199AA /* DispatchGroup.swift in Sources */,
				F5691F29292F638E004199AA /* Operations.swift in Sources */,
			);
			runOnlyForDeploymentPostprocessing = 0;
		};
/* End PBXSourcesBuildPhase section */

/* Begin PBXVariantGroup section */
		F5F571B7292E0B7400B4A9CC /* Main.storyboard */ = {
			isa = PBXVariantGroup;
			children = (
				F5F571B8292E0B7400B4A9CC /* Base */,
			);
			name = Main.storyboard;
			sourceTree = "<group>";
		};
		F5F571BC292E0B7600B4A9CC /* LaunchScreen.storyboard */ = {
			isa = PBXVariantGroup;
			children = (
				F5F571BD292E0B7600B4A9CC /* Base */,
			);
			name = LaunchScreen.storyboard;
			sourceTree = "<group>";
		};
/* End PBXVariantGroup section */

/* Begin XCBuildConfiguration section */
		F5F571C0292E0B7600B4A9CC /* Debug */ = {
			isa = XCBuildConfiguration;
			buildSettings = {
				ALWAYS_SEARCH_USER_PATHS = NO;
				CLANG_ANALYZER_NONNULL = YES;
				CLANG_ANALYZER_NUMBER_OBJECT_CONVERSION = YES_AGGRESSIVE;
				CLANG_CXX_LANGUAGE_STANDARD = "gnu++17";
				CLANG_ENABLE_MODULES = YES;
				CLANG_ENABLE_OBJC_ARC = YES;
				CLANG_ENABLE_OBJC_WEAK = YES;
				CLANG_WARN_BLOCK_CAPTURE_AUTORELEASING = YES;
				CLANG_WARN_BOOL_CONVERSION = YES;
				CLANG_WARN_COMMA = YES;
				CLANG_WARN_CONSTANT_CONVERSION = YES;
				CLANG_WARN_DEPRECATED_OBJC_IMPLEMENTATIONS = YES;
				CLANG_WARN_DIRECT_OBJC_ISA_USAGE = YES_ERROR;
				CLANG_WARN_DOCUMENTATION_COMMENTS = YES;
				CLANG_WARN_EMPTY_BODY = YES;
				CLANG_WARN_ENUM_CONVERSION = YES;
				CLANG_WARN_INFINITE_RECURSION = YES;
				CLANG_WARN_INT_CONVERSION = YES;
				CLANG_WARN_NON_LITERAL_NULL_CONVERSION = YES;
				CLANG_WARN_OBJC_IMPLICIT_RETAIN_SELF = YES;
				CLANG_WARN_OBJC_LITERAL_CONVERSION = YES;
				CLANG_WARN_OBJC_ROOT_CLASS = YES_ERROR;
				CLANG_WARN_QUOTED_INCLUDE_IN_FRAMEWORK_HEADER = YES;
				CLANG_WARN_RANGE_LOOP_ANALYSIS = YES;
				CLANG_WARN_STRICT_PROTOTYPES = YES;
				CLANG_WARN_SUSPICIOUS_MOVE = YES;
				CLANG_WARN_UNGUARDED_AVAILABILITY = YES_AGGRESSIVE;
				CLANG_WARN_UNREACHABLE_CODE = YES;
				CLANG_WARN__DUPLICATE_METHOD_MATCH = YES;
				COPY_PHASE_STRIP = NO;
				DEBUG_INFORMATION_FORMAT = dwarf;
				ENABLE_STRICT_OBJC_MSGSEND = YES;
				ENABLE_TESTABILITY = YES;
				GCC_C_LANGUAGE_STANDARD = gnu11;
				GCC_DYNAMIC_NO_PIC = NO;
				GCC_NO_COMMON_BLOCKS = YES;
				GCC_OPTIMIZATION_LEVEL = 0;
				GCC_PREPROCESSOR_DEFINITIONS = (
					"DEBUG=1",
					"$(inherited)",
				);
				GCC_WARN_64_TO_32_BIT_CONVERSION = YES;
				GCC_WARN_ABOUT_RETURN_TYPE = YES_ERROR;
				GCC_WARN_UNDECLARED_SELECTOR = YES;
				GCC_WARN_UNINITIALIZED_AUTOS = YES_AGGRESSIVE;
				GCC_WARN_UNUSED_FUNCTION = YES;
				GCC_WARN_UNUSED_VARIABLE = YES;
				IPHONEOS_DEPLOYMENT_TARGET = 15.4;
				MTL_ENABLE_DEBUG_INFO = INCLUDE_SOURCE;
				MTL_FAST_MATH = YES;
				ONLY_ACTIVE_ARCH = YES;
				SDKROOT = iphoneos;
				SWIFT_ACTIVE_COMPILATION_CONDITIONS = DEBUG;
				SWIFT_OPTIMIZATION_LEVEL = "-Onone";
			};
			name = Debug;
		};
		F5F571C1292E0B7600B4A9CC /* Release */ = {
			isa = XCBuildConfiguration;
			buildSettings = {
				ALWAYS_SEARCH_USER_PATHS = NO;
				CLANG_ANALYZER_NONNULL = YES;
				CLANG_ANALYZER_NUMBER_OBJECT_CONVERSION = YES_AGGRESSIVE;
				CLANG_CXX_LANGUAGE_STANDARD = "gnu++17";
				CLANG_ENABLE_MODULES = YES;
				CLANG_ENABLE_OBJC_ARC = YES;
				CLANG_ENABLE_OBJC_WEAK = YES;
				CLANG_WARN_BLOCK_CAPTURE_AUTORELEASING = YES;
				CLANG_WARN_BOOL_CONVERSION = YES;
				CLANG_WARN_COMMA = YES;
				CLANG_WARN_CONSTANT_CONVERSION = YES;
				CLANG_WARN_DEPRECATED_OBJC_IMPLEMENTATIONS = YES;
				CLANG_WARN_DIRECT_OBJC_ISA_USAGE = YES_ERROR;
				CLANG_WARN_DOCUMENTATION_COMMENTS = YES;
				CLANG_WARN_EMPTY_BODY = YES;
				CLANG_WARN_ENUM_CONVERSION = YES;
				CLANG_WARN_INFINITE_RECURSION = YES;
				CLANG_WARN_INT_CONVERSION = YES;
				CLANG_WARN_NON_LITERAL_NULL_CONVERSION = YES;
				CLANG_WARN_OBJC_IMPLICIT_RETAIN_SELF = YES;
				CLANG_WARN_OBJC_LITERAL_CONVERSION = YES;
				CLANG_WARN_OBJC_ROOT_CLASS = YES_ERROR;
				CLANG_WARN_QUOTED_INCLUDE_IN_FRAMEWORK_HEADER = YES;
				CLANG_WARN_RANGE_LOOP_ANALYSIS = YES;
				CLANG_WARN_STRICT_PROTOTYPES = YES;
				CLANG_WARN_SUSPICIOUS_MOVE = YES;
				CLANG_WARN_UNGUARDED_AVAILABILITY = YES_AGGRESSIVE;
				CLANG_WARN_UNREACHABLE_CODE = YES;
				CLANG_WARN__DUPLICATE_METHOD_MATCH = YES;
				COPY_PHASE_STRIP = NO;
				DEBUG_INFORMATION_FORMAT = "dwarf-with-dsym";
				ENABLE_NS_ASSERTIONS = NO;
				ENABLE_STRICT_OBJC_MSGSEND = YES;
				GCC_C_LANGUAGE_STANDARD = gnu11;
				GCC_NO_COMMON_BLOCKS = YES;
				GCC_WARN_64_TO_32_BIT_CONVERSION = YES;
				GCC_WARN_ABOUT_RETURN_TYPE = YES_ERROR;
				GCC_WARN_UNDECLARED_SELECTOR = YES;
				GCC_WARN_UNINITIALIZED_AUTOS = YES_AGGRESSIVE;
				GCC_WARN_UNUSED_FUNCTION = YES;
				GCC_WARN_UNUSED_VARIABLE = YES;
				IPHONEOS_DEPLOYMENT_TARGET = 15.4;
				MTL_ENABLE_DEBUG_INFO = NO;
				MTL_FAST_MATH = YES;
				SDKROOT = iphoneos;
				SWIFT_COMPILATION_MODE = wholemodule;
				SWIFT_OPTIMIZATION_LEVEL = "-O";
				VALIDATE_PRODUCT = YES;
			};
			name = Release;
		};
		F5F571C3292E0B7600B4A9CC /* Debug */ = {
			isa = XCBuildConfiguration;
			buildSettings = {
				ASSETCATALOG_COMPILER_APPICON_NAME = AppIcon;
				ASSETCATALOG_COMPILER_GLOBAL_ACCENT_COLOR_NAME = AccentColor;
				CODE_SIGN_STYLE = Automatic;
				CURRENT_PROJECT_VERSION = 1;
				DEVELOPMENT_TEAM = L2WG7FZ7D7;
				GENERATE_INFOPLIST_FILE = YES;
				INFOPLIST_FILE = Concurrency/Info.plist;
				INFOPLIST_KEY_UIApplicationSupportsIndirectInputEvents = YES;
				INFOPLIST_KEY_UILaunchStoryboardName = LaunchScreen;
				INFOPLIST_KEY_UIMainStoryboardFile = Main;
				INFOPLIST_KEY_UISupportedInterfaceOrientations_iPad = "UIInterfaceOrientationPortrait UIInterfaceOrientationPortraitUpsideDown UIInterfaceOrientationLandscapeLeft UIInterfaceOrientationLandscapeRight";
				INFOPLIST_KEY_UISupportedInterfaceOrientations_iPhone = "UIInterfaceOrientationPortrait UIInterfaceOrientationLandscapeLeft UIInterfaceOrientationLandscapeRight";
				LD_RUNPATH_SEARCH_PATHS = (
					"$(inherited)",
					"@executable_path/Frameworks",
				);
				MARKETING_VERSION = 1.0;
				PRODUCT_BUNDLE_IDENTIFIER = Anil.Concurrency;
				PRODUCT_NAME = "$(TARGET_NAME)";
				SWIFT_EMIT_LOC_STRINGS = YES;
				SWIFT_VERSION = 5.0;
				TARGETED_DEVICE_FAMILY = "1,2";
			};
			name = Debug;
		};
		F5F571C4292E0B7600B4A9CC /* Release */ = {
			isa = XCBuildConfiguration;
			buildSettings = {
				ASSETCATALOG_COMPILER_APPICON_NAME = AppIcon;
				ASSETCATALOG_COMPILER_GLOBAL_ACCENT_COLOR_NAME = AccentColor;
				CODE_SIGN_STYLE = Automatic;
				CURRENT_PROJECT_VERSION = 1;
				DEVELOPMENT_TEAM = L2WG7FZ7D7;
				GENERATE_INFOPLIST_FILE = YES;
				INFOPLIST_FILE = Concurrency/Info.plist;
				INFOPLIST_KEY_UIApplicationSupportsIndirectInputEvents = YES;
				INFOPLIST_KEY_UILaunchStoryboardName = LaunchScreen;
				INFOPLIST_KEY_UIMainStoryboardFile = Main;
				INFOPLIST_KEY_UISupportedInterfaceOrientations_iPad = "UIInterfaceOrientationPortrait UIInterfaceOrientationPortraitUpsideDown UIInterfaceOrientationLandscapeLeft UIInterfaceOrientationLandscapeRight";
				INFOPLIST_KEY_UISupportedInterfaceOrientations_iPhone = "UIInterfaceOrientationPortrait UIInterfaceOrientationLandscapeLeft UIInterfaceOrientationLandscapeRight";
				LD_RUNPATH_SEARCH_PATHS = (
					"$(inherited)",
					"@executable_path/Frameworks",
				);
				MARKETING_VERSION = 1.0;
				PRODUCT_BUNDLE_IDENTIFIER = Anil.Concurrency;
				PRODUCT_NAME = "$(TARGET_NAME)";
				SWIFT_EMIT_LOC_STRINGS = YES;
				SWIFT_VERSION = 5.0;
				TARGETED_DEVICE_FAMILY = "1,2";
			};
			name = Release;
		};
/* End XCBuildConfiguration section */

/* Begin XCConfigurationList section */
		F5F571A9292E0B7400B4A9CC /* Build configuration list for PBXProject "Concurrency" */ = {
			isa = XCConfigurationList;
			buildConfigurations = (
				F5F571C0292E0B7600B4A9CC /* Debug */,
				F5F571C1292E0B7600B4A9CC /* Release */,
			);
			defaultConfigurationIsVisible = 0;
			defaultConfigurationName = Release;
		};
		F5F571C2292E0B7600B4A9CC /* Build configuration list for PBXNativeTarget "Concurrency" */ = {
			isa = XCConfigurationList;
			buildConfigurations = (
				F5F571C3292E0B7600B4A9CC /* Debug */,
				F5F571C4292E0B7600B4A9CC /* Release */,
			);
			defaultConfigurationIsVisible = 0;
			defaultConfigurationName = Release;
		};
/* End XCConfigurationList section */
	};
	rootObject = F5F571A6292E0B7400B4A9CC /* Project object */;
}
